
Microsoft Visual Studio Solution File, Format Version 12.00
# Visual Studio Version 17
VisualStudioVersion = 17.7.33808.371
MinimumVisualStudioVersion = 10.0.40219.1
Project("{FAE04EC0-301F-11D3-BF4B-00C04F79EFBC}") = "winFileAccess", "winFileAccess.csproj", "{440B2659-0146-403E-BB50-1DE3682A33FF}"
EndProject
Global
	GlobalSection(SolutionConfigurationPlatforms) = preSolution
		Debug|Any CPU = Debug|Any CPU
		Release|Any CPU = Release|Any CPU
	EndGlobalSection
	GlobalSection(ProjectConfigurationPlatforms) = postSolution
		{440B2659-0146-403E-BB50-1DE3682A33FF}.Debug|Any CPU.ActiveCfg = Debug|Any CPU
		{440B2659-0146-403E-BB50-1DE3682A33FF}.Debug|Any CPU.Build.0 = Debug|Any CPU
		{440B2659-0146-403E-BB50-1DE3682A33FF}.Release|Any CPU.ActiveCfg = Release|Any CPU
		{440B2659-0146-403E-BB50-1DE3682A33FF}.Release|Any CPU.Build.0 = Release|Any CPU
	EndGlobalSection
	GlobalSection(SolutionProperties) = preSolution
		HideSolutionNode = FALSE
	EndGlobalSection
	GlobalSection(ExtensibilityGlobals) = postSolution
		SolutionGuid = {3D3C8E41-7F7E-46C0-8933-0584D0D4EB2C}
	EndGlobalSection
EndGlobal
